
Microsoft Visual Studio Solution File, Format Version 12.00
# Visual Studio Version 17
VisualStudioVersion = 17.0.32002.185
MinimumVisualStudioVersion = 10.0.40219.1
Project("{FAE04EC0-301F-11D3-BF4B-00C04F79EFBC}") = "GTAmanager", "GTAmanager.csproj", "{ED0546E1-4D0D-4515-9352-03F343FA4EB4}"
EndProject
Global
	GlobalSection(SolutionConfigurationPlatforms) = preSolution
		Debug|Any CPU = Debug|Any CPU
		Release|Any CPU = Release|Any CPU
	EndGlobalSection
	GlobalSection(ProjectConfigurationPlatforms) = postSolution
		{ED0546E1-4D0D-4515-9352-03F343FA4EB4}.Debug|Any CPU.ActiveCfg = Debug|Any CPU
		{ED0546E1-4D0D-4515-9352-03F343FA4EB4}.Debug|Any CPU.Build.0 = Debug|Any CPU
		{ED0546E1-4D0D-4515-9352-03F343FA4EB4}.Release|Any CPU.ActiveCfg = Release|Any CPU
		{ED0546E1-4D0D-4515-9352-03F343FA4EB4}.Release|Any CPU.Build.0 = Release|Any CPU
	EndGlobalSection
	GlobalSection(SolutionProperties) = preSolution
		HideSolutionNode = FALSE
	EndGlobalSection
	GlobalSection(ExtensibilityGlobals) = postSolution
		SolutionGuid = {4D7922D7-ED66-4662-BD91-BDC933612EA6}
	EndGlobalSection
EndGlobal
